// !$*UTF8*$!
{
	archiveVersion = 1;
	classes = {
	};
	objectVersion = 46;
	objects = {

/* Begin PBXBuildFile section */
		62137BFB1865F82F00EE05B7 /* Foundation.framework in Frameworks */ = {isa = PBXBuildFile; fileRef = 62137BFA1865F82F00EE05B7 /* Foundation.framework */; };
		62137BFD1865F82F00EE05B7 /* CoreGraphics.framework in Frameworks */ = {isa = PBXBuildFile; fileRef = 62137BFC1865F82F00EE05B7 /* CoreGraphics.framework */; };
		62137BFF1865F82F00EE05B7 /* UIKit.framework in Frameworks */ = {isa = PBXBuildFile; fileRef = 62137BFE1865F82F00EE05B7 /* UIKit.framework */; };
		62137C051865F82F00EE05B7 /* InfoPlist.strings in Resources */ = {isa = PBXBuildFile; fileRef = 62137C031865F82F00EE05B7 /* InfoPlist.strings */; };
		62137C071865F82F00EE05B7 /* main.m in Sources */ = {isa = PBXBuildFile; fileRef = 62137C061865F82F00EE05B7 /* main.m */; };
		62137C0B1865F82F00EE05B7 /* DSTAppDelegate.m in Sources */ = {isa = PBXBuildFile; fileRef = 62137C0A1865F82F00EE05B7 /* DSTAppDelegate.m */; };
		62137C0E1865F82F00EE05B7 /* Main.storyboard in Resources */ = {isa = PBXBuildFile; fileRef = 62137C0C1865F82F00EE05B7 /* Main.storyboard */; };
		62137C111865F82F00EE05B7 /* DSTViewController.m in Sources */ = {isa = PBXBuildFile; fileRef = 62137C101865F82F00EE05B7 /* DSTViewController.m */; };
		62137C131865F82F00EE05B7 /* Images.xcassets in Resources */ = {isa = PBXBuildFile; fileRef = 62137C121865F82F00EE05B7 /* Images.xcassets */; };
		62137C1A1865F82F00EE05B7 /* XCTest.framework in Frameworks */ = {isa = PBXBuildFile; fileRef = 62137C191865F82F00EE05B7 /* XCTest.framework */; };
		62137C1B1865F82F00EE05B7 /* Foundation.framework in Frameworks */ = {isa = PBXBuildFile; fileRef = 62137BFA1865F82F00EE05B7 /* Foundation.framework */; };
		62137C1C1865F82F00EE05B7 /* UIKit.framework in Frameworks */ = {isa = PBXBuildFile; fileRef = 62137BFE1865F82F00EE05B7 /* UIKit.framework */; };
		62137C241865F82F00EE05B7 /* InfoPlist.strings in Resources */ = {isa = PBXBuildFile; fileRef = 62137C221865F82F00EE05B7 /* InfoPlist.strings */; };
		62137C261865F82F00EE05B7 /* KitchenSinkTests.m in Sources */ = {isa = PBXBuildFile; fileRef = 62137C251865F82F00EE05B7 /* KitchenSinkTests.m */; };
/* End PBXBuildFile section */

/* Begin PBXContainerItemProxy section */
		62137C1D1865F82F00EE05B7 /* PBXContainerItemProxy */ = {
			isa = PBXContainerItemProxy;
			containerPortal = 62137BEF1865F82F00EE05B7 /* Project object */;
			proxyType = 1;
			remoteGlobalIDString = 62137BF61865F82F00EE05B7;
			remoteInfo = KitchenSink;
		};
/* End PBXContainerItemProxy section */

/* Begin PBXFileReference section */
		62137BF71865F82F00EE05B7 /* KitchenSink.app */ = {isa = PBXFileReference; explicitFileType = wrapper.application; includeInIndex = 0; path = KitchenSink.app; sourceTree = BUILT_PRODUCTS_DIR; };
		62137BFA1865F82F00EE05B7 /* Foundation.framework */ = {isa = PBXFileReference; lastKnownFileType = wrapper.framework; name = Foundation.framework; path = System/Library/Frameworks/Foundation.framework; sourceTree = SDKROOT; };
		62137BFC1865F82F00EE05B7 /* CoreGraphics.framework */ = {isa = PBXFileReference; lastKnownFileType = wrapper.framework; name = CoreGraphics.framework; path = System/Library/Frameworks/CoreGraphics.framework; sourceTree = SDKROOT; };
		62137BFE1865F82F00EE05B7 /* UIKit.framework */ = {isa = PBXFileReference; lastKnownFileType = wrapper.framework; name = UIKit.framework; path = System/Library/Frameworks/UIKit.framework; sourceTree = SDKROOT; };
		62137C021865F82F00EE05B7 /* KitchenSink-Info.plist */ = {isa = PBXFileReference; lastKnownFileType = text.plist.xml; path = "KitchenSink-Info.plist"; sourceTree = "<group>"; };
		62137C041865F82F00EE05B7 /* en */ = {isa = PBXFileReference; lastKnownFileType = text.plist.strings; name = en; path = en.lproj/InfoPlist.strings; sourceTree = "<group>"; };
		62137C061865F82F00EE05B7 /* main.m */ = {isa = PBXFileReference; lastKnownFileType = sourcecode.c.objc; path = main.m; sourceTree = "<group>"; };
		62137C081865F82F00EE05B7 /* KitchenSink-Prefix.pch */ = {isa = PBXFileReference; lastKnownFileType = sourcecode.c.h; path = "KitchenSink-Prefix.pch"; sourceTree = "<group>"; };
		62137C091865F82F00EE05B7 /* DSTAppDelegate.h */ = {isa = PBXFileReference; lastKnownFileType = sourcecode.c.h; path = DSTAppDelegate.h; sourceTree = "<group>"; };
		62137C0A1865F82F00EE05B7 /* DSTAppDelegate.m */ = {isa = PBXFileReference; lastKnownFileType = sourcecode.c.objc; path = DSTAppDelegate.m; sourceTree = "<group>"; };
		62137C0D1865F82F00EE05B7 /* Base */ = {isa = PBXFileReference; lastKnownFileType = file.storyboard; name = Base; path = Base.lproj/Main.storyboard; sourceTree = "<group>"; };
		62137C0F1865F82F00EE05B7 /* DSTViewController.h */ = {isa = PBXFileReference; lastKnownFileType = sourcecode.c.h; path = DSTViewController.h; sourceTree = "<group>"; };
		62137C101865F82F00EE05B7 /* DSTViewController.m */ = {isa = PBXFileReference; lastKnownFileType = sourcecode.c.objc; path = DSTViewController.m; sourceTree = "<group>"; };
		62137C121865F82F00EE05B7 /* Images.xcassets */ = {isa = PBXFileReference; lastKnownFileType = folder.assetcatalog; path = Images.xcassets; sourceTree = "<group>"; };
		62137C181865F82F00EE05B7 /* KitchenSinkTests.xctest */ = {isa = PBXFileReference; explicitFileType = wrapper.cfbundle; includeInIndex = 0; path = KitchenSinkTests.xctest; sourceTree = BUILT_PRODUCTS_DIR; };
		62137C191865F82F00EE05B7 /* XCTest.framework */ = {isa = PBXFileReference; lastKnownFileType = wrapper.framework; name = XCTest.framework; path = Library/Frameworks/XCTest.framework; sourceTree = DEVELOPER_DIR; };
		62137C211865F82F00EE05B7 /* KitchenSinkTests-Info.plist */ = {isa = PBXFileReference; lastKnownFileType = text.plist.xml; path = "KitchenSinkTests-Info.plist"; sourceTree = "<group>"; };
		62137C231865F82F00EE05B7 /* en */ = {isa = PBXFileReference; lastKnownFileType = text.plist.strings; name = en; path = en.lproj/InfoPlist.strings; sourceTree = "<group>"; };
		62137C251865F82F00EE05B7 /* KitchenSinkTests.m */ = {isa = PBXFileReference; lastKnownFileType = sourcecode.c.objc; path = KitchenSinkTests.m; sourceTree = "<group>"; };
/* End PBXFileReference section */

/* Begin PBXFrameworksBuildPhase section */
		62137BF41865F82F00EE05B7 /* Frameworks */ = {
			isa = PBXFrameworksBuildPhase;
			buildActionMask = 2147483647;
			files = (
				62137BFD1865F82F00EE05B7 /* CoreGraphics.framework in Frameworks */,
				62137BFF1865F82F00EE05B7 /* UIKit.framework in Frameworks */,
				62137BFB1865F82F00EE05B7 /* Foundation.framework in Frameworks */,
			);
			runOnlyForDeploymentPostprocessing = 0;
		};
		62137C151865F82F00EE05B7 /* Frameworks */ = {
			isa = PBXFrameworksBuildPhase;
			buildActionMask = 2147483647;
			files = (
				62137C1A1865F82F00EE05B7 /* XCTest.framework in Frameworks */,
				62137C1C1865F82F00EE05B7 /* UIKit.framework in Frameworks */,
				62137C1B1865F82F00EE05B7 /* Foundation.framework in Frameworks */,
			);
			runOnlyForDeploymentPostprocessing = 0;
		};
/* End PBXFrameworksBuildPhase section */

/* Begin PBXGroup section */
		62137BEE1865F82F00EE05B7 = {
			isa = PBXGroup;
			children = (
				62137C001865F82F00EE05B7 /* KitchenSink */,
				62137C1F1865F82F00EE05B7 /* KitchenSinkTests */,
				62137BF91865F82F00EE05B7 /* Frameworks */,
				62137BF81865F82F00EE05B7 /* Products */,
			);
			sourceTree = "<group>";
		};
		62137BF81865F82F00EE05B7 /* Products */ = {
			isa = PBXGroup;
			children = (
				62137BF71865F82F00EE05B7 /* KitchenSink.app */,
				62137C181865F82F00EE05B7 /* KitchenSinkTests.xctest */,
			);
			name = Products;
			sourceTree = "<group>";
		};
		62137BF91865F82F00EE05B7 /* Frameworks */ = {
			isa = PBXGroup;
			children = (
				62137BFA1865F82F00EE05B7 /* Foundation.framework */,
				62137BFC1865F82F00EE05B7 /* CoreGraphics.framework */,
				62137BFE1865F82F00EE05B7 /* UIKit.framework */,
				62137C191865F82F00EE05B7 /* XCTest.framework */,
			);
			name = Frameworks;
			sourceTree = "<group>";
		};
		62137C001865F82F00EE05B7 /* KitchenSink */ = {
			isa = PBXGroup;
			children = (
				62137C091865F82F00EE05B7 /* DSTAppDelegate.h */,
				62137C0A1865F82F00EE05B7 /* DSTAppDelegate.m */,
				62137C0C1865F82F00EE05B7 /* Main.storyboard */,
				62137C0F1865F82F00EE05B7 /* DSTViewController.h */,
				62137C101865F82F00EE05B7 /* DSTViewController.m */,
				62137C121865F82F00EE05B7 /* Images.xcassets */,
				62137C011865F82F00EE05B7 /* Supporting Files */,
			);
			path = KitchenSink;
			sourceTree = "<group>";
		};
		62137C011865F82F00EE05B7 /* Supporting Files */ = {
			isa = PBXGroup;
			children = (
				62137C021865F82F00EE05B7 /* KitchenSink-Info.plist */,
				62137C031865F82F00EE05B7 /* InfoPlist.strings */,
				62137C061865F82F00EE05B7 /* main.m */,
				62137C081865F82F00EE05B7 /* KitchenSink-Prefix.pch */,
			);
			name = "Supporting Files";
			sourceTree = "<group>";
		};
		62137C1F1865F82F00EE05B7 /* KitchenSinkTests */ = {
			isa = PBXGroup;
			children = (
				62137C251865F82F00EE05B7 /* KitchenSinkTests.m */,
				62137C201865F82F00EE05B7 /* Supporting Files */,
			);
			path = KitchenSinkTests;
			sourceTree = "<group>";
		};
		62137C201865F82F00EE05B7 /* Supporting Files */ = {
			isa = PBXGroup;
			children = (
				62137C211865F82F00EE05B7 /* KitchenSinkTests-Info.plist */,
				62137C221865F82F00EE05B7 /* InfoPlist.strings */,
			);
			name = "Supporting Files";
			sourceTree = "<group>";
		};
/* End PBXGroup section */

/* Begin PBXNativeTarget section */
		62137BF61865F82F00EE05B7 /* KitchenSink */ = {
			isa = PBXNativeTarget;
			buildConfigurationList = 62137C291865F82F00EE05B7 /* Build configuration list for PBXNativeTarget "KitchenSink" */;
			buildPhases = (
				62137BF31865F82F00EE05B7 /* Sources */,
				62137BF41865F82F00EE05B7 /* Frameworks */,
				62137BF51865F82F00EE05B7 /* Resources */,
			);
			buildRules = (
			);
			dependencies = (
			);
			name = KitchenSink;
			productName = KitchenSink;
			productReference = 62137BF71865F82F00EE05B7 /* KitchenSink.app */;
			productType = "com.apple.product-type.application";
		};
		62137C171865F82F00EE05B7 /* KitchenSinkTests */ = {
			isa = PBXNativeTarget;
			buildConfigurationList = 62137C2C1865F82F00EE05B7 /* Build configuration list for PBXNativeTarget "KitchenSinkTests" */;
			buildPhases = (
				62137C141865F82F00EE05B7 /* Sources */,
				62137C151865F82F00EE05B7 /* Frameworks */,
				62137C161865F82F00EE05B7 /* Resources */,
			);
			buildRules = (
			);
			dependencies = (
				62137C1E1865F82F00EE05B7 /* PBXTargetDependency */,
			);
			name = KitchenSinkTests;
			productName = KitchenSinkTests;
			productReference = 62137C181865F82F00EE05B7 /* KitchenSinkTests.xctest */;
			productType = "com.apple.product-type.bundle.unit-test";
		};
/* End PBXNativeTarget section */

/* Begin PBXProject section */
		62137BEF1865F82F00EE05B7 /* Project object */ = {
			isa = PBXProject;
			attributes = {
				CLASSPREFIX = DST;
				LastUpgradeCheck = 0510;
				ORGANIZATIONNAME = "Dim Sum Thinking";
				TargetAttributes = {
					62137C171865F82F00EE05B7 = {
						TestTargetID = 62137BF61865F82F00EE05B7;
					};
				};
			};
			buildConfigurationList = 62137BF21865F82F00EE05B7 /* Build configuration list for PBXProject "KitchenSink" */;
			compatibilityVersion = "Xcode 3.2";
			developmentRegion = English;
			hasScannedForEncodings = 0;
			knownRegions = (
				en,
				Base,
			);
			mainGroup = 62137BEE1865F82F00EE05B7;
			productRefGroup = 62137BF81865F82F00EE05B7 /* Products */;
			projectDirPath = "";
			projectRoot = "";
			targets = (
				62137BF61865F82F00EE05B7 /* KitchenSink */,
				62137C171865F82F00EE05B7 /* KitchenSinkTests */,
			);
		};
/* End PBXProject section */

/* Begin PBXResourcesBuildPhase section */
		62137BF51865F82F00EE05B7 /* Resources */ = {
			isa = PBXResourcesBuildPhase;
			buildActionMask = 2147483647;
			files = (
				62137C131865F82F00EE05B7 /* Images.xcassets in Resources */,
				62137C051865F82F00EE05B7 /* InfoPlist.strings in Resources */,
				62137C0E1865F82F00EE05B7 /* Main.storyboard in Resources */,
			);
			runOnlyForDeploymentPostprocessing = 0;
		};
		62137C161865F82F00EE05B7 /* Resources */ = {
			isa = PBXResourcesBuildPhase;
			buildActionMask = 2147483647;
			files = (
				62137C241865F82F00EE05B7 /* InfoPlist.strings in Resources */,
			);
			runOnlyForDeploymentPostprocessing = 0;
		};
/* End PBXResourcesBuildPhase section */

/* Begin PBXSourcesBuildPhase section */
		62137BF31865F82F00EE05B7 /* Sources */ = {
			isa = PBXSourcesBuildPhase;
			buildActionMask = 2147483647;
			files = (
				62137C0B1865F82F00EE05B7 /* DSTAppDelegate.m in Sources */,
				62137C111865F82F00EE05B7 /* DSTViewController.m in Sources */,
				62137C071865F82F00EE05B7 /* main.m in Sources */,
			);
			runOnlyForDeploymentPostprocessing = 0;
		};
		62137C141865F82F00EE05B7 /* Sources */ = {
			isa = PBXSourcesBuildPhase;
			buildActionMask = 2147483647;
			files = (
				62137C261865F82F00EE05B7 /* KitchenSinkTests.m in Sources */,
			);
			runOnlyForDeploymentPostprocessing = 0;
		};
/* End PBXSourcesBuildPhase section */

/* Begin PBXTargetDependency section */
		62137C1E1865F82F00EE05B7 /* PBXTargetDependency */ = {
			isa = PBXTargetDependency;
			target = 62137BF61865F82F00EE05B7 /* KitchenSink */;
			targetProxy = 62137C1D1865F82F00EE05B7 /* PBXContainerItemProxy */;
		};
/* End PBXTargetDependency section */

/* Begin PBXVariantGroup section */
		62137C031865F82F00EE05B7 /* InfoPlist.strings */ = {
			isa = PBXVariantGroup;
			children = (
				62137C041865F82F00EE05B7 /* en */,
			);
			name = InfoPlist.strings;
			sourceTree = "<group>";
		};
		62137C0C1865F82F00EE05B7 /* Main.storyboard */ = {
			isa = PBXVariantGroup;
			children = (
				62137C0D1865F82F00EE05B7 /* Base */,
			);
			name = Main.storyboard;
			sourceTree = "<group>";
		};
		62137C221865F82F00EE05B7 /* InfoPlist.strings */ = {
			isa = PBXVariantGroup;
			children = (
				62137C231865F82F00EE05B7 /* en */,
			);
			name = InfoPlist.strings;
			sourceTree = "<group>";
		};
/* End PBXVariantGroup section */

/* Begin XCBuildConfiguration section */
		62137C271865F82F00EE05B7 /* Debug */ = {
			isa = XCBuildConfiguration;
			buildSettings = {
				ALWAYS_SEARCH_USER_PATHS = NO;
				ARCHS = "$(ARCHS_STANDARD_INCLUDING_64_BIT)";
				CLANG_CXX_LANGUAGE_STANDARD = "gnu++0x";
				CLANG_CXX_LIBRARY = "libc++";
				CLANG_ENABLE_MODULES = YES;
				CLANG_ENABLE_OBJC_ARC = YES;
				CLANG_WARN_BOOL_CONVERSION = YES;
				CLANG_WARN_CONSTANT_CONVERSION = YES;
				CLANG_WARN_DIRECT_OBJC_ISA_USAGE = YES_ERROR;
				CLANG_WARN_EMPTY_BODY = YES;
				CLANG_WARN_ENUM_CONVERSION = YES;
				CLANG_WARN_INT_CONVERSION = YES;
				CLANG_WARN_OBJC_ROOT_CLASS = YES_ERROR;
				CLANG_WARN__DUPLICATE_METHOD_MATCH = YES;
				"CODE_SIGN_IDENTITY[sdk=iphoneos*]" = "iPhone Developer";
				COPY_PHASE_STRIP = NO;
				GCC_C_LANGUAGE_STANDARD = gnu99;
				GCC_DYNAMIC_NO_PIC = NO;
				GCC_OPTIMIZATION_LEVEL = 0;
				GCC_PREPROCESSOR_DEFINITIONS = (
					"DEBUG=1",
					"$(inherited)",
				);
				GCC_SYMBOLS_PRIVATE_EXTERN = NO;
				GCC_WARN_64_TO_32_BIT_CONVERSION = YES;
				GCC_WARN_ABOUT_RETURN_TYPE = YES_ERROR;
				GCC_WARN_UNDECLARED_SELECTOR = YES;
				GCC_WARN_UNINITIALIZED_AUTOS = YES_AGGRESSIVE;
				GCC_WARN_UNUSED_FUNCTION = YES;
				GCC_WARN_UNUSED_VARIABLE = YES;
				IPHONEOS_DEPLOYMENT_TARGET = 7.1;
				ONLY_ACTIVE_ARCH = YES;
				SDKROOT = iphoneos;
				TARGETED_DEVICE_FAMILY = 2;
			};
			name = Debug;
		};
		62137C281865F82F00EE05B7 /* Release */ = {
			isa = XCBuildConfiguration;
			buildSettings = {
				ALWAYS_SEARCH_USER_PATHS = NO;
				ARCHS = "$(ARCHS_STANDARD_INCLUDING_64_BIT)";
				CLANG_CXX_LANGUAGE_STANDARD = "gnu++0x";
				CLANG_CXX_LIBRARY = "libc++";
				CLANG_ENABLE_MODULES = YES;
				CLANG_ENABLE_OBJC_ARC = YES;
				CLANG_WARN_BOOL_CONVERSION = YES;
				CLANG_WARN_CONSTANT_CONVERSION = YES;
				CLANG_WARN_DIRECT_OBJC_ISA_USAGE = YES_ERROR;
				CLANG_WARN_EMPTY_BODY = YES;
				CLANG_WARN_ENUM_CONVERSION = YES;
				CLANG_WARN_INT_CONVERSION = YES;
				CLANG_WARN_OBJC_ROOT_CLASS = YES_ERROR;
				CLANG_WARN__DUPLICATE_METHOD_MATCH = YES;
				"CODE_SIGN_IDENTITY[sdk=iphoneos*]" = "iPhone Developer";
				COPY_PHASE_STRIP = YES;
				ENABLE_NS_ASSERTIONS = NO;
				GCC_C_LANGUAGE_STANDARD = gnu99;
				GCC_WARN_64_TO_32_BIT_CONVERSION = YES;
				GCC_WARN_ABOUT_RETURN_TYPE = YES_ERROR;
				GCC_WARN_UNDECLARED_SELECTOR = YES;
				GCC_WARN_UNINITIALIZED_AUTOS = YES_AGGRESSIVE;
				GCC_WARN_UNUSED_FUNCTION = YES;
				GCC_WARN_UNUSED_VARIABLE = YES;
				IPHONEOS_DEPLOYMENT_TARGET = 7.1;
				SDKROOT = iphoneos;
				TARGETED_DEVICE_FAMILY = 2;
				VALIDATE_PRODUCT = YES;
			};
			name = Release;
		};
		62137C2A1865F82F00EE05B7 /* Debug */ = {
			isa = XCBuildConfiguration;
			buildSettings = {
				ASSETCATALOG_COMPILER_APPICON_NAME = AppIcon;
				ASSETCATALOG_COMPILER_LAUNCHIMAGE_NAME = LaunchImage;
				GCC_PRECOMPILE_PREFIX_HEADER = YES;
				GCC_PREFIX_HEADER = "KitchenSink/KitchenSink-Prefix.pch";
				INFOPLIST_FILE = "KitchenSink/KitchenSink-Info.plist";
				PRODUCT_NAME = "$(TARGET_NAME)";
				WRAPPER_EXTENSION = app;
			};
			name = Debug;
		};
		62137C2B1865F82F00EE05B7 /* Release */ = {
			isa = XCBuildConfiguration;
			buildSettings = {
				ASSETCATALOG_COMPILER_APPICON_NAME = AppIcon;
				ASSETCATALOG_COMPILER_LAUNCHIMAGE_NAME = LaunchImage;
				GCC_PRECOMPILE_PREFIX_HEADER = YES;
				GCC_PREFIX_HEADER = "KitchenSink/KitchenSink-Prefix.pch";
				INFOPLIST_FILE = "KitchenSink/KitchenSink-Info.plist";
				PRODUCT_NAME = "$(TARGET_NAME)";
				WRAPPER_EXTENSION = app;
			};
			name = Release;
		};
		62137C2D1865F82F00EE05B7 /* Debug */ = {
			isa = XCBuildConfiguration;
			buildSettings = {
				ARCHS = "$(ARCHS_STANDARD_INCLUDING_64_BIT)";
				BUNDLE_LOADER = "$(BUILT_PRODUCTS_DIR)/KitchenSink.app/KitchenSink";
				FRAMEWORK_SEARCH_PATHS = (
					"$(SDKROOT)/Developer/Library/Frameworks",
					"$(inherited)",
					"$(DEVELOPER_FRAMEWORKS_DIR)",
				);
				GCC_PRECOMPILE_PREFIX_HEADER = YES;
				GCC_PREFIX_HEADER = "KitchenSink/KitchenSink-Prefix.pch";
				GCC_PREPROCESSOR_DEFINITIONS = (
					"DEBUG=1",
					"$(inherited)",
				);
				INFOPLIST_FILE = "KitchenSinkTests/KitchenSinkTests-Info.plist";
				PRODUCT_NAME = "$(TARGET_NAME)";
				TEST_HOST = "$(BUNDLE_LOADER)";
				WRAPPER_EXTENSION = xctest;
			};
			name = Debug;
		};
		62137C2E1865F82F00EE05B7 /* Release */ = {
			isa = XCBuildConfiguration;
			buildSettings = {
				ARCHS = "$(ARCHS_STANDARD_INCLUDING_64_BIT)";
				BUNDLE_LOADER = "$(BUILT_PRODUCTS_DIR)/KitchenSink.app/KitchenSink";
				FRAMEWORK_SEARCH_PATHS = (
					"$(SDKROOT)/Developer/Library/Frameworks",
					"$(inherited)",
					"$(DEVELOPER_FRAMEWORKS_DIR)",
				);
				GCC_PRECOMPILE_PREFIX_HEADER = YES;
				GCC_PREFIX_HEADER = "KitchenSink/KitchenSink-Prefix.pch";
				INFOPLIST_FILE = "KitchenSinkTests/KitchenSinkTests-Info.plist";
				PRODUCT_NAME = "$(TARGET_NAME)";
				TEST_HOST = "$(BUNDLE_LOADER)";
				WRAPPER_EXTENSION = xctest;
			};
			name = Release;
		};
/* End XCBuildConfiguration section */

/* Begin XCConfigurationList section */
		62137BF21865F82F00EE05B7 /* Build configuration list for PBXProject "KitchenSink" */ = {
			isa = XCConfigurationList;
			buildConfigurations = (
				62137C271865F82F00EE05B7 /* Debug */,
				62137C281865F82F00EE05B7 /* Release */,
			);
			defaultConfigurationIsVisible = 0;
			defaultConfigurationName = Release;
		};
		62137C291865F82F00EE05B7 /* Build configuration list for PBXNativeTarget "KitchenSink" */ = {
			isa = XCConfigurationList;
			buildConfigurations = (
				62137C2A1865F82F00EE05B7 /* Debug */,
				62137C2B1865F82F00EE05B7 /* Release */,
			);
			defaultConfigurationIsVisible = 0;
		};
		62137C2C1865F82F00EE05B7 /* Build configuration list for PBXNativeTarget "KitchenSinkTests" */ = {
			isa = XCConfigurationList;
			buildConfigurations = (
				62137C2D1865F82F00EE05B7 /* Debug */,
				62137C2E1865F82F00EE05B7 /* Release */,
			);
			defaultConfigurationIsVisible = 0;
		};
/* End XCConfigurationList section */
	};
	rootObject = 62137BEF1865F82F00EE05B7 /* Project object */;
}
