// !$*UTF8*$!
{
	archiveVersion = 1;
	classes = {
	};
	objectVersion = 46;
	objects = {

/* Begin PBXBuildFile section */
		6243BB5318631DA800D89CC7 /* Foundation.framework in Frameworks */ = {isa = PBXBuildFile; fileRef = 6243BB5218631DA800D89CC7 /* Foundation.framework */; };
		6243BB5518631DA800D89CC7 /* CoreGraphics.framework in Frameworks */ = {isa = PBXBuildFile; fileRef = 6243BB5418631DA800D89CC7 /* CoreGraphics.framework */; };
		6243BB5718631DA800D89CC7 /* UIKit.framework in Frameworks */ = {isa = PBXBuildFile; fileRef = 6243BB5618631DA800D89CC7 /* UIKit.framework */; };
		6243BB5D18631DA800D89CC7 /* InfoPlist.strings in Resources */ = {isa = PBXBuildFile; fileRef = 6243BB5B18631DA800D89CC7 /* InfoPlist.strings */; };
		6243BB5F18631DA800D89CC7 /* main.m in Sources */ = {isa = PBXBuildFile; fileRef = 6243BB5E18631DA800D89CC7 /* main.m */; };
		6243BB6318631DA800D89CC7 /* DSTAppDelegate.m in Sources */ = {isa = PBXBuildFile; fileRef = 6243BB6218631DA800D89CC7 /* DSTAppDelegate.m */; };
		6243BB6618631DA800D89CC7 /* Main.storyboard in Resources */ = {isa = PBXBuildFile; fileRef = 6243BB6418631DA800D89CC7 /* Main.storyboard */; };
		6243BB6918631DA800D89CC7 /* DSTViewController.m in Sources */ = {isa = PBXBuildFile; fileRef = 6243BB6818631DA800D89CC7 /* DSTViewController.m */; };
		6243BB6B18631DA800D89CC7 /* Images.xcassets in Resources */ = {isa = PBXBuildFile; fileRef = 6243BB6A18631DA800D89CC7 /* Images.xcassets */; };
		6243BB7218631DA800D89CC7 /* XCTest.framework in Frameworks */ = {isa = PBXBuildFile; fileRef = 6243BB7118631DA800D89CC7 /* XCTest.framework */; };
		6243BB7318631DA800D89CC7 /* Foundation.framework in Frameworks */ = {isa = PBXBuildFile; fileRef = 6243BB5218631DA800D89CC7 /* Foundation.framework */; };
		6243BB7418631DA800D89CC7 /* UIKit.framework in Frameworks */ = {isa = PBXBuildFile; fileRef = 6243BB5618631DA800D89CC7 /* UIKit.framework */; };
		6243BB7C18631DA800D89CC7 /* InfoPlist.strings in Resources */ = {isa = PBXBuildFile; fileRef = 6243BB7A18631DA800D89CC7 /* InfoPlist.strings */; };
		6243BB7E18631DA800D89CC7 /* SignInTests.m in Sources */ = {isa = PBXBuildFile; fileRef = 6243BB7D18631DA800D89CC7 /* SignInTests.m */; };
		6243BB89186321BD00D89CC7 /* DSTSignInViewController.m in Sources */ = {isa = PBXBuildFile; fileRef = 6243BB88186321BD00D89CC7 /* DSTSignInViewController.m */; };
		6251CE0A1864F7C3001572A7 /* DSTGuest.m in Sources */ = {isa = PBXBuildFile; fileRef = 6251CE091864F7C3001572A7 /* DSTGuest.m */; };
/* End PBXBuildFile section */

/* Begin PBXContainerItemProxy section */
		6243BB7518631DA800D89CC7 /* PBXContainerItemProxy */ = {
			isa = PBXContainerItemProxy;
			containerPortal = 6243BB4718631DA800D89CC7 /* Project object */;
			proxyType = 1;
			remoteGlobalIDString = 6243BB4E18631DA800D89CC7;
			remoteInfo = SignIn;
		};
/* End PBXContainerItemProxy section */

/* Begin PBXFileReference section */
		6243BB4F18631DA800D89CC7 /* SignIn.app */ = {isa = PBXFileReference; explicitFileType = wrapper.application; includeInIndex = 0; path = SignIn.app; sourceTree = BUILT_PRODUCTS_DIR; };
		6243BB5218631DA800D89CC7 /* Foundation.framework */ = {isa = PBXFileReference; lastKnownFileType = wrapper.framework; name = Foundation.framework; path = System/Library/Frameworks/Foundation.framework; sourceTree = SDKROOT; };
		6243BB5418631DA800D89CC7 /* CoreGraphics.framework */ = {isa = PBXFileReference; lastKnownFileType = wrapper.framework; name = CoreGraphics.framework; path = System/Library/Frameworks/CoreGraphics.framework; sourceTree = SDKROOT; };
		6243BB5618631DA800D89CC7 /* UIKit.framework */ = {isa = PBXFileReference; lastKnownFileType = wrapper.framework; name = UIKit.framework; path = System/Library/Frameworks/UIKit.framework; sourceTree = SDKROOT; };
		6243BB5A18631DA800D89CC7 /* SignIn-Info.plist */ = {isa = PBXFileReference; lastKnownFileType = text.plist.xml; path = "SignIn-Info.plist"; sourceTree = "<group>"; };
		6243BB5C18631DA800D89CC7 /* en */ = {isa = PBXFileReference; lastKnownFileType = text.plist.strings; name = en; path = en.lproj/InfoPlist.strings; sourceTree = "<group>"; };
		6243BB5E18631DA800D89CC7 /* main.m */ = {isa = PBXFileReference; lastKnownFileType = sourcecode.c.objc; path = main.m; sourceTree = "<group>"; };
		6243BB6018631DA800D89CC7 /* SignIn-Prefix.pch */ = {isa = PBXFileReference; lastKnownFileType = sourcecode.c.h; path = "SignIn-Prefix.pch"; sourceTree = "<group>"; };
		6243BB6118631DA800D89CC7 /* DSTAppDelegate.h */ = {isa = PBXFileReference; lastKnownFileType = sourcecode.c.h; path = DSTAppDelegate.h; sourceTree = "<group>"; };
		6243BB6218631DA800D89CC7 /* DSTAppDelegate.m */ = {isa = PBXFileReference; lastKnownFileType = sourcecode.c.objc; path = DSTAppDelegate.m; sourceTree = "<group>"; };
		6243BB6518631DA800D89CC7 /* Base */ = {isa = PBXFileReference; lastKnownFileType = file.storyboard; name = Base; path = Base.lproj/Main.storyboard; sourceTree = "<group>"; };
		6243BB6718631DA800D89CC7 /* DSTViewController.h */ = {isa = PBXFileReference; lastKnownFileType = sourcecode.c.h; path = DSTViewController.h; sourceTree = "<group>"; };
		6243BB6818631DA800D89CC7 /* DSTViewController.m */ = {isa = PBXFileReference; lastKnownFileType = sourcecode.c.objc; path = DSTViewController.m; sourceTree = "<group>"; };
		6243BB6A18631DA800D89CC7 /* Images.xcassets */ = {isa = PBXFileReference; lastKnownFileType = folder.assetcatalog; path = Images.xcassets; sourceTree = "<group>"; };
		6243BB7018631DA800D89CC7 /* SignInTests.xctest */ = {isa = PBXFileReference; explicitFileType = wrapper.cfbundle; includeInIndex = 0; path = SignInTests.xctest; sourceTree = BUILT_PRODUCTS_DIR; };
		6243BB7118631DA800D89CC7 /* XCTest.framework */ = {isa = PBXFileReference; lastKnownFileType = wrapper.framework; name = XCTest.framework; path = Library/Frameworks/XCTest.framework; sourceTree = DEVELOPER_DIR; };
		6243BB7918631DA800D89CC7 /* SignInTests-Info.plist */ = {isa = PBXFileReference; lastKnownFileType = text.plist.xml; path = "SignInTests-Info.plist"; sourceTree = "<group>"; };
		6243BB7B18631DA800D89CC7 /* en */ = {isa = PBXFileReference; lastKnownFileType = text.plist.strings; name = en; path = en.lproj/InfoPlist.strings; sourceTree = "<group>"; };
		6243BB7D18631DA800D89CC7 /* SignInTests.m */ = {isa = PBXFileReference; lastKnownFileType = sourcecode.c.objc; path = SignInTests.m; sourceTree = "<group>"; };
		6243BB87186321BD00D89CC7 /* DSTSignInViewController.h */ = {isa = PBXFileReference; fileEncoding = 4; lastKnownFileType = sourcecode.c.h; path = DSTSignInViewController.h; sourceTree = "<group>"; };
		6243BB88186321BD00D89CC7 /* DSTSignInViewController.m */ = {isa = PBXFileReference; fileEncoding = 4; lastKnownFileType = sourcecode.c.objc; path = DSTSignInViewController.m; sourceTree = "<group>"; };
		6251CE081864F7C3001572A7 /* DSTGuest.h */ = {isa = PBXFileReference; fileEncoding = 4; lastKnownFileType = sourcecode.c.h; path = DSTGuest.h; sourceTree = "<group>"; };
		6251CE091864F7C3001572A7 /* DSTGuest.m */ = {isa = PBXFileReference; fileEncoding = 4; lastKnownFileType = sourcecode.c.objc; path = DSTGuest.m; sourceTree = "<group>"; };
/* End PBXFileReference section */

/* Begin PBXFrameworksBuildPhase section */
		6243BB4C18631DA800D89CC7 /* Frameworks */ = {
			isa = PBXFrameworksBuildPhase;
			buildActionMask = 2147483647;
			files = (
				6243BB5518631DA800D89CC7 /* CoreGraphics.framework in Frameworks */,
				6243BB5718631DA800D89CC7 /* UIKit.framework in Frameworks */,
				6243BB5318631DA800D89CC7 /* Foundation.framework in Frameworks */,
			);
			runOnlyForDeploymentPostprocessing = 0;
		};
		6243BB6D18631DA800D89CC7 /* Frameworks */ = {
			isa = PBXFrameworksBuildPhase;
			buildActionMask = 2147483647;
			files = (
				6243BB7218631DA800D89CC7 /* XCTest.framework in Frameworks */,
				6243BB7418631DA800D89CC7 /* UIKit.framework in Frameworks */,
				6243BB7318631DA800D89CC7 /* Foundation.framework in Frameworks */,
			);
			runOnlyForDeploymentPostprocessing = 0;
		};
/* End PBXFrameworksBuildPhase section */

/* Begin PBXGroup section */
		6243BB4618631DA800D89CC7 = {
			isa = PBXGroup;
			children = (
				6243BB5818631DA800D89CC7 /* SignIn */,
				6243BB7718631DA800D89CC7 /* SignInTests */,
				6243BB5118631DA800D89CC7 /* Frameworks */,
				6243BB5018631DA800D89CC7 /* Products */,
			);
			sourceTree = "<group>";
		};
		6243BB5018631DA800D89CC7 /* Products */ = {
			isa = PBXGroup;
			children = (
				6243BB4F18631DA800D89CC7 /* SignIn.app */,
				6243BB7018631DA800D89CC7 /* SignInTests.xctest */,
			);
			name = Products;
			sourceTree = "<group>";
		};
		6243BB5118631DA800D89CC7 /* Frameworks */ = {
			isa = PBXGroup;
			children = (
				6243BB5218631DA800D89CC7 /* Foundation.framework */,
				6243BB5418631DA800D89CC7 /* CoreGraphics.framework */,
				6243BB5618631DA800D89CC7 /* UIKit.framework */,
				6243BB7118631DA800D89CC7 /* XCTest.framework */,
			);
			name = Frameworks;
			sourceTree = "<group>";
		};
		6243BB5818631DA800D89CC7 /* SignIn */ = {
			isa = PBXGroup;
			children = (
				6243BB6118631DA800D89CC7 /* DSTAppDelegate.h */,
				6243BB6218631DA800D89CC7 /* DSTAppDelegate.m */,
				6243BB6418631DA800D89CC7 /* Main.storyboard */,
				6243BB6718631DA800D89CC7 /* DSTViewController.h */,
				6243BB6818631DA800D89CC7 /* DSTViewController.m */,
				6243BB6A18631DA800D89CC7 /* Images.xcassets */,
				6243BB5918631DA800D89CC7 /* Supporting Files */,
				6243BB87186321BD00D89CC7 /* DSTSignInViewController.h */,
				6243BB88186321BD00D89CC7 /* DSTSignInViewController.m */,
				6251CE081864F7C3001572A7 /* DSTGuest.h */,
				6251CE091864F7C3001572A7 /* DSTGuest.m */,
			);
			path = SignIn;
			sourceTree = "<group>";
		};
		6243BB5918631DA800D89CC7 /* Supporting Files */ = {
			isa = PBXGroup;
			children = (
				6243BB5A18631DA800D89CC7 /* SignIn-Info.plist */,
				6243BB5B18631DA800D89CC7 /* InfoPlist.strings */,
				6243BB5E18631DA800D89CC7 /* main.m */,
				6243BB6018631DA800D89CC7 /* SignIn-Prefix.pch */,
			);
			name = "Supporting Files";
			sourceTree = "<group>";
		};
		6243BB7718631DA800D89CC7 /* SignInTests */ = {
			isa = PBXGroup;
			children = (
				6243BB7D18631DA800D89CC7 /* SignInTests.m */,
				6243BB7818631DA800D89CC7 /* Supporting Files */,
			);
			path = SignInTests;
			sourceTree = "<group>";
		};
		6243BB7818631DA800D89CC7 /* Supporting Files */ = {
			isa = PBXGroup;
			children = (
				6243BB7918631DA800D89CC7 /* SignInTests-Info.plist */,
				6243BB7A18631DA800D89CC7 /* InfoPlist.strings */,
			);
			name = "Supporting Files";
			sourceTree = "<group>";
		};
/* End PBXGroup section */

/* Begin PBXNativeTarget section */
		6243BB4E18631DA800D89CC7 /* SignIn */ = {
			isa = PBXNativeTarget;
			buildConfigurationList = 6243BB8118631DA800D89CC7 /* Build configuration list for PBXNativeTarget "SignIn" */;
			buildPhases = (
				6243BB4B18631DA800D89CC7 /* Sources */,
				6243BB4C18631DA800D89CC7 /* Frameworks */,
				6243BB4D18631DA800D89CC7 /* Resources */,
			);
			buildRules = (
			);
			dependencies = (
			);
			name = SignIn;
			productName = SignIn;
			productReference = 6243BB4F18631DA800D89CC7 /* SignIn.app */;
			productType = "com.apple.product-type.application";
		};
		6243BB6F18631DA800D89CC7 /* SignInTests */ = {
			isa = PBXNativeTarget;
			buildConfigurationList = 6243BB8418631DA900D89CC7 /* Build configuration list for PBXNativeTarget "SignInTests" */;
			buildPhases = (
				6243BB6C18631DA800D89CC7 /* Sources */,
				6243BB6D18631DA800D89CC7 /* Frameworks */,
				6243BB6E18631DA800D89CC7 /* Resources */,
			);
			buildRules = (
			);
			dependencies = (
				6243BB7618631DA800D89CC7 /* PBXTargetDependency */,
			);
			name = SignInTests;
			productName = SignInTests;
			productReference = 6243BB7018631DA800D89CC7 /* SignInTests.xctest */;
			productType = "com.apple.product-type.bundle.unit-test";
		};
/* End PBXNativeTarget section */

/* Begin PBXProject section */
		6243BB4718631DA800D89CC7 /* Project object */ = {
			isa = PBXProject;
			attributes = {
				CLASSPREFIX = DST;
				LastUpgradeCheck = 0510;
				ORGANIZATIONNAME = "Dim Sum Thinking";
				TargetAttributes = {
					6243BB6F18631DA800D89CC7 = {
						TestTargetID = 6243BB4E18631DA800D89CC7;
					};
				};
			};
			buildConfigurationList = 6243BB4A18631DA800D89CC7 /* Build configuration list for PBXProject "SignIn" */;
			compatibilityVersion = "Xcode 3.2";
			developmentRegion = English;
			hasScannedForEncodings = 0;
			knownRegions = (
				en,
				Base,
			);
			mainGroup = 6243BB4618631DA800D89CC7;
			productRefGroup = 6243BB5018631DA800D89CC7 /* Products */;
			projectDirPath = "";
			projectRoot = "";
			targets = (
				6243BB4E18631DA800D89CC7 /* SignIn */,
				6243BB6F18631DA800D89CC7 /* SignInTests */,
			);
		};
/* End PBXProject section */

/* Begin PBXResourcesBuildPhase section */
		6243BB4D18631DA800D89CC7 /* Resources */ = {
			isa = PBXResourcesBuildPhase;
			buildActionMask = 2147483647;
			files = (
				6243BB6B18631DA800D89CC7 /* Images.xcassets in Resources */,
				6243BB5D18631DA800D89CC7 /* InfoPlist.strings in Resources */,
				6243BB6618631DA800D89CC7 /* Main.storyboard in Resources */,
			);
			runOnlyForDeploymentPostprocessing = 0;
		};
		6243BB6E18631DA800D89CC7 /* Resources */ = {
			isa = PBXResourcesBuildPhase;
			buildActionMask = 2147483647;
			files = (
				6243BB7C18631DA800D89CC7 /* InfoPlist.strings in Resources */,
			);
			runOnlyForDeploymentPostprocessing = 0;
		};
/* End PBXResourcesBuildPhase section */

/* Begin PBXSourcesBuildPhase section */
		6243BB4B18631DA800D89CC7 /* Sources */ = {
			isa = PBXSourcesBuildPhase;
			buildActionMask = 2147483647;
			files = (
				6243BB6318631DA800D89CC7 /* DSTAppDelegate.m in Sources */,
				6243BB6918631DA800D89CC7 /* DSTViewController.m in Sources */,
				6251CE0A1864F7C3001572A7 /* DSTGuest.m in Sources */,
				6243BB89186321BD00D89CC7 /* DSTSignInViewController.m in Sources */,
				6243BB5F18631DA800D89CC7 /* main.m in Sources */,
			);
			runOnlyForDeploymentPostprocessing = 0;
		};
		6243BB6C18631DA800D89CC7 /* Sources */ = {
			isa = PBXSourcesBuildPhase;
			buildActionMask = 2147483647;
			files = (
				6243BB7E18631DA800D89CC7 /* SignInTests.m in Sources */,
			);
			runOnlyForDeploymentPostprocessing = 0;
		};
/* End PBXSourcesBuildPhase section */

/* Begin PBXTargetDependency section */
		6243BB7618631DA800D89CC7 /* PBXTargetDependency */ = {
			isa = PBXTargetDependency;
			target = 6243BB4E18631DA800D89CC7 /* SignIn */;
			targetProxy = 6243BB7518631DA800D89CC7 /* PBXContainerItemProxy */;
		};
/* End PBXTargetDependency section */

/* Begin PBXVariantGroup section */
		6243BB5B18631DA800D89CC7 /* InfoPlist.strings */ = {
			isa = PBXVariantGroup;
			children = (
				6243BB5C18631DA800D89CC7 /* en */,
			);
			name = InfoPlist.strings;
			sourceTree = "<group>";
		};
		6243BB6418631DA800D89CC7 /* Main.storyboard */ = {
			isa = PBXVariantGroup;
			children = (
				6243BB6518631DA800D89CC7 /* Base */,
			);
			name = Main.storyboard;
			sourceTree = "<group>";
		};
		6243BB7A18631DA800D89CC7 /* InfoPlist.strings */ = {
			isa = PBXVariantGroup;
			children = (
				6243BB7B18631DA800D89CC7 /* en */,
			);
			name = InfoPlist.strings;
			sourceTree = "<group>";
		};
/* End PBXVariantGroup section */

/* Begin XCBuildConfiguration section */
		6243BB7F18631DA800D89CC7 /* Debug */ = {
			isa = XCBuildConfiguration;
			buildSettings = {
				ALWAYS_SEARCH_USER_PATHS = NO;
				ARCHS = "$(ARCHS_STANDARD_INCLUDING_64_BIT)";
				CLANG_CXX_LANGUAGE_STANDARD = "gnu++0x";
				CLANG_CXX_LIBRARY = "libc++";
				CLANG_ENABLE_MODULES = YES;
				CLANG_ENABLE_OBJC_ARC = YES;
				CLANG_WARN_BOOL_CONVERSION = YES;
				CLANG_WARN_CONSTANT_CONVERSION = YES;
				CLANG_WARN_DIRECT_OBJC_ISA_USAGE = YES_ERROR;
				CLANG_WARN_EMPTY_BODY = YES;
				CLANG_WARN_ENUM_CONVERSION = YES;
				CLANG_WARN_INT_CONVERSION = YES;
				CLANG_WARN_OBJC_ROOT_CLASS = YES_ERROR;
				CLANG_WARN__DUPLICATE_METHOD_MATCH = YES;
				"CODE_SIGN_IDENTITY[sdk=iphoneos*]" = "iPhone Developer";
				COPY_PHASE_STRIP = NO;
				GCC_C_LANGUAGE_STANDARD = gnu99;
				GCC_DYNAMIC_NO_PIC = NO;
				GCC_OPTIMIZATION_LEVEL = 0;
				GCC_PREPROCESSOR_DEFINITIONS = (
					"DEBUG=1",
					"$(inherited)",
				);
				GCC_SYMBOLS_PRIVATE_EXTERN = NO;
				GCC_WARN_64_TO_32_BIT_CONVERSION = YES;
				GCC_WARN_ABOUT_RETURN_TYPE = YES_ERROR;
				GCC_WARN_UNDECLARED_SELECTOR = YES;
				GCC_WARN_UNINITIALIZED_AUTOS = YES_AGGRESSIVE;
				GCC_WARN_UNUSED_FUNCTION = YES;
				GCC_WARN_UNUSED_VARIABLE = YES;
				IPHONEOS_DEPLOYMENT_TARGET = 7.1;
				ONLY_ACTIVE_ARCH = YES;
				SDKROOT = iphoneos;
			};
			name = Debug;
		};
		6243BB8018631DA800D89CC7 /* Release */ = {
			isa = XCBuildConfiguration;
			buildSettings = {
				ALWAYS_SEARCH_USER_PATHS = NO;
				ARCHS = "$(ARCHS_STANDARD_INCLUDING_64_BIT)";
				CLANG_CXX_LANGUAGE_STANDARD = "gnu++0x";
				CLANG_CXX_LIBRARY = "libc++";
				CLANG_ENABLE_MODULES = YES;
				CLANG_ENABLE_OBJC_ARC = YES;
				CLANG_WARN_BOOL_CONVERSION = YES;
				CLANG_WARN_CONSTANT_CONVERSION = YES;
				CLANG_WARN_DIRECT_OBJC_ISA_USAGE = YES_ERROR;
				CLANG_WARN_EMPTY_BODY = YES;
				CLANG_WARN_ENUM_CONVERSION = YES;
				CLANG_WARN_INT_CONVERSION = YES;
				CLANG_WARN_OBJC_ROOT_CLASS = YES_ERROR;
				CLANG_WARN__DUPLICATE_METHOD_MATCH = YES;
				"CODE_SIGN_IDENTITY[sdk=iphoneos*]" = "iPhone Developer";
				COPY_PHASE_STRIP = YES;
				ENABLE_NS_ASSERTIONS = NO;
				GCC_C_LANGUAGE_STANDARD = gnu99;
				GCC_WARN_64_TO_32_BIT_CONVERSION = YES;
				GCC_WARN_ABOUT_RETURN_TYPE = YES_ERROR;
				GCC_WARN_UNDECLARED_SELECTOR = YES;
				GCC_WARN_UNINITIALIZED_AUTOS = YES_AGGRESSIVE;
				GCC_WARN_UNUSED_FUNCTION = YES;
				GCC_WARN_UNUSED_VARIABLE = YES;
				IPHONEOS_DEPLOYMENT_TARGET = 7.1;
				SDKROOT = iphoneos;
				VALIDATE_PRODUCT = YES;
			};
			name = Release;
		};
		6243BB8218631DA800D89CC7 /* Debug */ = {
			isa = XCBuildConfiguration;
			buildSettings = {
				ASSETCATALOG_COMPILER_APPICON_NAME = AppIcon;
				ASSETCATALOG_COMPILER_LAUNCHIMAGE_NAME = LaunchImage;
				GCC_PRECOMPILE_PREFIX_HEADER = YES;
				GCC_PREFIX_HEADER = "SignIn/SignIn-Prefix.pch";
				INFOPLIST_FILE = "SignIn/SignIn-Info.plist";
				PRODUCT_NAME = "$(TARGET_NAME)";
				WRAPPER_EXTENSION = app;
			};
			name = Debug;
		};
		6243BB8318631DA800D89CC7 /* Release */ = {
			isa = XCBuildConfiguration;
			buildSettings = {
				ASSETCATALOG_COMPILER_APPICON_NAME = AppIcon;
				ASSETCATALOG_COMPILER_LAUNCHIMAGE_NAME = LaunchImage;
				GCC_PRECOMPILE_PREFIX_HEADER = YES;
				GCC_PREFIX_HEADER = "SignIn/SignIn-Prefix.pch";
				INFOPLIST_FILE = "SignIn/SignIn-Info.plist";
				PRODUCT_NAME = "$(TARGET_NAME)";
				WRAPPER_EXTENSION = app;
			};
			name = Release;
		};
		6243BB8518631DA900D89CC7 /* Debug */ = {
			isa = XCBuildConfiguration;
			buildSettings = {
				ARCHS = "$(ARCHS_STANDARD_INCLUDING_64_BIT)";
				BUNDLE_LOADER = "$(BUILT_PRODUCTS_DIR)/SignIn.app/SignIn";
				FRAMEWORK_SEARCH_PATHS = (
					"$(SDKROOT)/Developer/Library/Frameworks",
					"$(inherited)",
					"$(DEVELOPER_FRAMEWORKS_DIR)",
				);
				GCC_PRECOMPILE_PREFIX_HEADER = YES;
				GCC_PREFIX_HEADER = "SignIn/SignIn-Prefix.pch";
				GCC_PREPROCESSOR_DEFINITIONS = (
					"DEBUG=1",
					"$(inherited)",
				);
				INFOPLIST_FILE = "SignInTests/SignInTests-Info.plist";
				PRODUCT_NAME = "$(TARGET_NAME)";
				TEST_HOST = "$(BUNDLE_LOADER)";
				WRAPPER_EXTENSION = xctest;
			};
			name = Debug;
		};
		6243BB8618631DA900D89CC7 /* Release */ = {
			isa = XCBuildConfiguration;
			buildSettings = {
				ARCHS = "$(ARCHS_STANDARD_INCLUDING_64_BIT)";
				BUNDLE_LOADER = "$(BUILT_PRODUCTS_DIR)/SignIn.app/SignIn";
				FRAMEWORK_SEARCH_PATHS = (
					"$(SDKROOT)/Developer/Library/Frameworks",
					"$(inherited)",
					"$(DEVELOPER_FRAMEWORKS_DIR)",
				);
				GCC_PRECOMPILE_PREFIX_HEADER = YES;
				GCC_PREFIX_HEADER = "SignIn/SignIn-Prefix.pch";
				INFOPLIST_FILE = "SignInTests/SignInTests-Info.plist";
				PRODUCT_NAME = "$(TARGET_NAME)";
				TEST_HOST = "$(BUNDLE_LOADER)";
				WRAPPER_EXTENSION = xctest;
			};
			name = Release;
		};
/* End XCBuildConfiguration section */

/* Begin XCConfigurationList section */
		6243BB4A18631DA800D89CC7 /* Build configuration list for PBXProject "SignIn" */ = {
			isa = XCConfigurationList;
			buildConfigurations = (
				6243BB7F18631DA800D89CC7 /* Debug */,
				6243BB8018631DA800D89CC7 /* Release */,
			);
			defaultConfigurationIsVisible = 0;
			defaultConfigurationName = Release;
		};
		6243BB8118631DA800D89CC7 /* Build configuration list for PBXNativeTarget "SignIn" */ = {
			isa = XCConfigurationList;
			buildConfigurations = (
				6243BB8218631DA800D89CC7 /* Debug */,
				6243BB8318631DA800D89CC7 /* Release */,
			);
			defaultConfigurationIsVisible = 0;
			defaultConfigurationName = Release;
		};
		6243BB8418631DA900D89CC7 /* Build configuration list for PBXNativeTarget "SignInTests" */ = {
			isa = XCConfigurationList;
			buildConfigurations = (
				6243BB8518631DA900D89CC7 /* Debug */,
				6243BB8618631DA900D89CC7 /* Release */,
			);
			defaultConfigurationIsVisible = 0;
			defaultConfigurationName = Release;
		};
/* End XCConfigurationList section */
	};
	rootObject = 6243BB4718631DA800D89CC7 /* Project object */;
}
