// !$*UTF8*$!
{
	archiveVersion = 1;
	classes = {
	};
	objectVersion = 46;
	objects = {

/* Begin PBXBuildFile section */
		6274A6E018609166008460AC /* Foundation.framework in Frameworks */ = {isa = PBXBuildFile; fileRef = 6274A6DF18609166008460AC /* Foundation.framework */; };
		6274A6E218609166008460AC /* CoreGraphics.framework in Frameworks */ = {isa = PBXBuildFile; fileRef = 6274A6E118609166008460AC /* CoreGraphics.framework */; };
		6274A6E418609166008460AC /* UIKit.framework in Frameworks */ = {isa = PBXBuildFile; fileRef = 6274A6E318609166008460AC /* UIKit.framework */; };
		6274A6EA18609166008460AC /* InfoPlist.strings in Resources */ = {isa = PBXBuildFile; fileRef = 6274A6E818609166008460AC /* InfoPlist.strings */; };
		6274A6EC18609166008460AC /* main.m in Sources */ = {isa = PBXBuildFile; fileRef = 6274A6EB18609166008460AC /* main.m */; };
		6274A6F018609166008460AC /* DSTAppDelegate.m in Sources */ = {isa = PBXBuildFile; fileRef = 6274A6EF18609166008460AC /* DSTAppDelegate.m */; };
		6274A6F318609166008460AC /* Main.storyboard in Resources */ = {isa = PBXBuildFile; fileRef = 6274A6F118609166008460AC /* Main.storyboard */; };
		6274A6F618609166008460AC /* DSTViewController.m in Sources */ = {isa = PBXBuildFile; fileRef = 6274A6F518609166008460AC /* DSTViewController.m */; };
		6274A6F818609166008460AC /* Images.xcassets in Resources */ = {isa = PBXBuildFile; fileRef = 6274A6F718609166008460AC /* Images.xcassets */; };
		6274A6FF18609166008460AC /* XCTest.framework in Frameworks */ = {isa = PBXBuildFile; fileRef = 6274A6FE18609166008460AC /* XCTest.framework */; };
		6274A70018609166008460AC /* Foundation.framework in Frameworks */ = {isa = PBXBuildFile; fileRef = 6274A6DF18609166008460AC /* Foundation.framework */; };
		6274A70118609166008460AC /* UIKit.framework in Frameworks */ = {isa = PBXBuildFile; fileRef = 6274A6E318609166008460AC /* UIKit.framework */; };
		6274A70918609166008460AC /* InfoPlist.strings in Resources */ = {isa = PBXBuildFile; fileRef = 6274A70718609166008460AC /* InfoPlist.strings */; };
		6274A70B18609166008460AC /* ColorsTests.m in Sources */ = {isa = PBXBuildFile; fileRef = 6274A70A18609166008460AC /* ColorsTests.m */; };
/* End PBXBuildFile section */

/* Begin PBXContainerItemProxy section */
		6274A70218609166008460AC /* PBXContainerItemProxy */ = {
			isa = PBXContainerItemProxy;
			containerPortal = 6274A6D418609166008460AC /* Project object */;
			proxyType = 1;
			remoteGlobalIDString = 6274A6DB18609166008460AC;
			remoteInfo = Colors;
		};
/* End PBXContainerItemProxy section */

/* Begin PBXFileReference section */
		6274A6DC18609166008460AC /* Colors.app */ = {isa = PBXFileReference; explicitFileType = wrapper.application; includeInIndex = 0; path = Colors.app; sourceTree = BUILT_PRODUCTS_DIR; };
		6274A6DF18609166008460AC /* Foundation.framework */ = {isa = PBXFileReference; lastKnownFileType = wrapper.framework; name = Foundation.framework; path = System/Library/Frameworks/Foundation.framework; sourceTree = SDKROOT; };
		6274A6E118609166008460AC /* CoreGraphics.framework */ = {isa = PBXFileReference; lastKnownFileType = wrapper.framework; name = CoreGraphics.framework; path = System/Library/Frameworks/CoreGraphics.framework; sourceTree = SDKROOT; };
		6274A6E318609166008460AC /* UIKit.framework */ = {isa = PBXFileReference; lastKnownFileType = wrapper.framework; name = UIKit.framework; path = System/Library/Frameworks/UIKit.framework; sourceTree = SDKROOT; };
		6274A6E718609166008460AC /* Colors-Info.plist */ = {isa = PBXFileReference; lastKnownFileType = text.plist.xml; path = "Colors-Info.plist"; sourceTree = "<group>"; };
		6274A6E918609166008460AC /* en */ = {isa = PBXFileReference; lastKnownFileType = text.plist.strings; name = en; path = en.lproj/InfoPlist.strings; sourceTree = "<group>"; };
		6274A6EB18609166008460AC /* main.m */ = {isa = PBXFileReference; lastKnownFileType = sourcecode.c.objc; path = main.m; sourceTree = "<group>"; };
		6274A6ED18609166008460AC /* Colors-Prefix.pch */ = {isa = PBXFileReference; lastKnownFileType = sourcecode.c.h; path = "Colors-Prefix.pch"; sourceTree = "<group>"; };
		6274A6EE18609166008460AC /* DSTAppDelegate.h */ = {isa = PBXFileReference; lastKnownFileType = sourcecode.c.h; path = DSTAppDelegate.h; sourceTree = "<group>"; };
		6274A6EF18609166008460AC /* DSTAppDelegate.m */ = {isa = PBXFileReference; lastKnownFileType = sourcecode.c.objc; path = DSTAppDelegate.m; sourceTree = "<group>"; };
		6274A6F218609166008460AC /* Base */ = {isa = PBXFileReference; lastKnownFileType = file.storyboard; name = Base; path = Base.lproj/Main.storyboard; sourceTree = "<group>"; };
		6274A6F418609166008460AC /* DSTViewController.h */ = {isa = PBXFileReference; lastKnownFileType = sourcecode.c.h; path = DSTViewController.h; sourceTree = "<group>"; };
		6274A6F518609166008460AC /* DSTViewController.m */ = {isa = PBXFileReference; lastKnownFileType = sourcecode.c.objc; path = DSTViewController.m; sourceTree = "<group>"; };
		6274A6F718609166008460AC /* Images.xcassets */ = {isa = PBXFileReference; lastKnownFileType = folder.assetcatalog; path = Images.xcassets; sourceTree = "<group>"; };
		6274A6FD18609166008460AC /* ColorsTests.xctest */ = {isa = PBXFileReference; explicitFileType = wrapper.cfbundle; includeInIndex = 0; path = ColorsTests.xctest; sourceTree = BUILT_PRODUCTS_DIR; };
		6274A6FE18609166008460AC /* XCTest.framework */ = {isa = PBXFileReference; lastKnownFileType = wrapper.framework; name = XCTest.framework; path = Library/Frameworks/XCTest.framework; sourceTree = DEVELOPER_DIR; };
		6274A70618609166008460AC /* ColorsTests-Info.plist */ = {isa = PBXFileReference; lastKnownFileType = text.plist.xml; path = "ColorsTests-Info.plist"; sourceTree = "<group>"; };
		6274A70818609166008460AC /* en */ = {isa = PBXFileReference; lastKnownFileType = text.plist.strings; name = en; path = en.lproj/InfoPlist.strings; sourceTree = "<group>"; };
		6274A70A18609166008460AC /* ColorsTests.m */ = {isa = PBXFileReference; lastKnownFileType = sourcecode.c.objc; path = ColorsTests.m; sourceTree = "<group>"; };
/* End PBXFileReference section */

/* Begin PBXFrameworksBuildPhase section */
		6274A6D918609166008460AC /* Frameworks */ = {
			isa = PBXFrameworksBuildPhase;
			buildActionMask = 2147483647;
			files = (
				6274A6E218609166008460AC /* CoreGraphics.framework in Frameworks */,
				6274A6E418609166008460AC /* UIKit.framework in Frameworks */,
				6274A6E018609166008460AC /* Foundation.framework in Frameworks */,
			);
			runOnlyForDeploymentPostprocessing = 0;
		};
		6274A6FA18609166008460AC /* Frameworks */ = {
			isa = PBXFrameworksBuildPhase;
			buildActionMask = 2147483647;
			files = (
				6274A6FF18609166008460AC /* XCTest.framework in Frameworks */,
				6274A70118609166008460AC /* UIKit.framework in Frameworks */,
				6274A70018609166008460AC /* Foundation.framework in Frameworks */,
			);
			runOnlyForDeploymentPostprocessing = 0;
		};
/* End PBXFrameworksBuildPhase section */

/* Begin PBXGroup section */
		6274A6D318609166008460AC = {
			isa = PBXGroup;
			children = (
				6274A6E518609166008460AC /* Colors */,
				6274A70418609166008460AC /* ColorsTests */,
				6274A6DE18609166008460AC /* Frameworks */,
				6274A6DD18609166008460AC /* Products */,
			);
			sourceTree = "<group>";
		};
		6274A6DD18609166008460AC /* Products */ = {
			isa = PBXGroup;
			children = (
				6274A6DC18609166008460AC /* Colors.app */,
				6274A6FD18609166008460AC /* ColorsTests.xctest */,
			);
			name = Products;
			sourceTree = "<group>";
		};
		6274A6DE18609166008460AC /* Frameworks */ = {
			isa = PBXGroup;
			children = (
				6274A6DF18609166008460AC /* Foundation.framework */,
				6274A6E118609166008460AC /* CoreGraphics.framework */,
				6274A6E318609166008460AC /* UIKit.framework */,
				6274A6FE18609166008460AC /* XCTest.framework */,
			);
			name = Frameworks;
			sourceTree = "<group>";
		};
		6274A6E518609166008460AC /* Colors */ = {
			isa = PBXGroup;
			children = (
				6274A6EE18609166008460AC /* DSTAppDelegate.h */,
				6274A6EF18609166008460AC /* DSTAppDelegate.m */,
				6274A6F118609166008460AC /* Main.storyboard */,
				6274A6F418609166008460AC /* DSTViewController.h */,
				6274A6F518609166008460AC /* DSTViewController.m */,
				6274A6F718609166008460AC /* Images.xcassets */,
				6274A6E618609166008460AC /* Supporting Files */,
			);
			path = Colors;
			sourceTree = "<group>";
		};
		6274A6E618609166008460AC /* Supporting Files */ = {
			isa = PBXGroup;
			children = (
				6274A6E718609166008460AC /* Colors-Info.plist */,
				6274A6E818609166008460AC /* InfoPlist.strings */,
				6274A6EB18609166008460AC /* main.m */,
				6274A6ED18609166008460AC /* Colors-Prefix.pch */,
			);
			name = "Supporting Files";
			sourceTree = "<group>";
		};
		6274A70418609166008460AC /* ColorsTests */ = {
			isa = PBXGroup;
			children = (
				6274A70A18609166008460AC /* ColorsTests.m */,
				6274A70518609166008460AC /* Supporting Files */,
			);
			path = ColorsTests;
			sourceTree = "<group>";
		};
		6274A70518609166008460AC /* Supporting Files */ = {
			isa = PBXGroup;
			children = (
				6274A70618609166008460AC /* ColorsTests-Info.plist */,
				6274A70718609166008460AC /* InfoPlist.strings */,
			);
			name = "Supporting Files";
			sourceTree = "<group>";
		};
/* End PBXGroup section */

/* Begin PBXNativeTarget section */
		6274A6DB18609166008460AC /* Colors */ = {
			isa = PBXNativeTarget;
			buildConfigurationList = 6274A70E18609166008460AC /* Build configuration list for PBXNativeTarget "Colors" */;
			buildPhases = (
				6274A6D818609166008460AC /* Sources */,
				6274A6D918609166008460AC /* Frameworks */,
				6274A6DA18609166008460AC /* Resources */,
			);
			buildRules = (
			);
			dependencies = (
			);
			name = Colors;
			productName = Colors;
			productReference = 6274A6DC18609166008460AC /* Colors.app */;
			productType = "com.apple.product-type.application";
		};
		6274A6FC18609166008460AC /* ColorsTests */ = {
			isa = PBXNativeTarget;
			buildConfigurationList = 6274A71118609166008460AC /* Build configuration list for PBXNativeTarget "ColorsTests" */;
			buildPhases = (
				6274A6F918609166008460AC /* Sources */,
				6274A6FA18609166008460AC /* Frameworks */,
				6274A6FB18609166008460AC /* Resources */,
			);
			buildRules = (
			);
			dependencies = (
				6274A70318609166008460AC /* PBXTargetDependency */,
			);
			name = ColorsTests;
			productName = ColorsTests;
			productReference = 6274A6FD18609166008460AC /* ColorsTests.xctest */;
			productType = "com.apple.product-type.bundle.unit-test";
		};
/* End PBXNativeTarget section */

/* Begin PBXProject section */
		6274A6D418609166008460AC /* Project object */ = {
			isa = PBXProject;
			attributes = {
				CLASSPREFIX = DST;
				LastUpgradeCheck = 0510;
				ORGANIZATIONNAME = "Dim Sum Thinking";
				TargetAttributes = {
					6274A6FC18609166008460AC = {
						TestTargetID = 6274A6DB18609166008460AC;
					};
				};
			};
			buildConfigurationList = 6274A6D718609166008460AC /* Build configuration list for PBXProject "Colors" */;
			compatibilityVersion = "Xcode 3.2";
			developmentRegion = English;
			hasScannedForEncodings = 0;
			knownRegions = (
				en,
				Base,
			);
			mainGroup = 6274A6D318609166008460AC;
			productRefGroup = 6274A6DD18609166008460AC /* Products */;
			projectDirPath = "";
			projectRoot = "";
			targets = (
				6274A6DB18609166008460AC /* Colors */,
				6274A6FC18609166008460AC /* ColorsTests */,
			);
		};
/* End PBXProject section */

/* Begin PBXResourcesBuildPhase section */
		6274A6DA18609166008460AC /* Resources */ = {
			isa = PBXResourcesBuildPhase;
			buildActionMask = 2147483647;
			files = (
				6274A6F818609166008460AC /* Images.xcassets in Resources */,
				6274A6EA18609166008460AC /* InfoPlist.strings in Resources */,
				6274A6F318609166008460AC /* Main.storyboard in Resources */,
			);
			runOnlyForDeploymentPostprocessing = 0;
		};
		6274A6FB18609166008460AC /* Resources */ = {
			isa = PBXResourcesBuildPhase;
			buildActionMask = 2147483647;
			files = (
				6274A70918609166008460AC /* InfoPlist.strings in Resources */,
			);
			runOnlyForDeploymentPostprocessing = 0;
		};
/* End PBXResourcesBuildPhase section */

/* Begin PBXSourcesBuildPhase section */
		6274A6D818609166008460AC /* Sources */ = {
			isa = PBXSourcesBuildPhase;
			buildActionMask = 2147483647;
			files = (
				6274A6F018609166008460AC /* DSTAppDelegate.m in Sources */,
				6274A6F618609166008460AC /* DSTViewController.m in Sources */,
				6274A6EC18609166008460AC /* main.m in Sources */,
			);
			runOnlyForDeploymentPostprocessing = 0;
		};
		6274A6F918609166008460AC /* Sources */ = {
			isa = PBXSourcesBuildPhase;
			buildActionMask = 2147483647;
			files = (
				6274A70B18609166008460AC /* ColorsTests.m in Sources */,
			);
			runOnlyForDeploymentPostprocessing = 0;
		};
/* End PBXSourcesBuildPhase section */

/* Begin PBXTargetDependency section */
		6274A70318609166008460AC /* PBXTargetDependency */ = {
			isa = PBXTargetDependency;
			target = 6274A6DB18609166008460AC /* Colors */;
			targetProxy = 6274A70218609166008460AC /* PBXContainerItemProxy */;
		};
/* End PBXTargetDependency section */

/* Begin PBXVariantGroup section */
		6274A6E818609166008460AC /* InfoPlist.strings */ = {
			isa = PBXVariantGroup;
			children = (
				6274A6E918609166008460AC /* en */,
			);
			name = InfoPlist.strings;
			sourceTree = "<group>";
		};
		6274A6F118609166008460AC /* Main.storyboard */ = {
			isa = PBXVariantGroup;
			children = (
				6274A6F218609166008460AC /* Base */,
			);
			name = Main.storyboard;
			sourceTree = "<group>";
		};
		6274A70718609166008460AC /* InfoPlist.strings */ = {
			isa = PBXVariantGroup;
			children = (
				6274A70818609166008460AC /* en */,
			);
			name = InfoPlist.strings;
			sourceTree = "<group>";
		};
/* End PBXVariantGroup section */

/* Begin XCBuildConfiguration section */
		6274A70C18609166008460AC /* Debug */ = {
			isa = XCBuildConfiguration;
			buildSettings = {
				ALWAYS_SEARCH_USER_PATHS = NO;
				ARCHS = "$(ARCHS_STANDARD_INCLUDING_64_BIT)";
				CLANG_CXX_LANGUAGE_STANDARD = "gnu++0x";
				CLANG_CXX_LIBRARY = "libc++";
				CLANG_ENABLE_MODULES = YES;
				CLANG_ENABLE_OBJC_ARC = YES;
				CLANG_WARN_BOOL_CONVERSION = YES;
				CLANG_WARN_CONSTANT_CONVERSION = YES;
				CLANG_WARN_DIRECT_OBJC_ISA_USAGE = YES_ERROR;
				CLANG_WARN_EMPTY_BODY = YES;
				CLANG_WARN_ENUM_CONVERSION = YES;
				CLANG_WARN_INT_CONVERSION = YES;
				CLANG_WARN_OBJC_ROOT_CLASS = YES_ERROR;
				CLANG_WARN__DUPLICATE_METHOD_MATCH = YES;
				"CODE_SIGN_IDENTITY[sdk=iphoneos*]" = "iPhone Developer";
				COPY_PHASE_STRIP = NO;
				GCC_C_LANGUAGE_STANDARD = gnu99;
				GCC_DYNAMIC_NO_PIC = NO;
				GCC_OPTIMIZATION_LEVEL = 0;
				GCC_PREPROCESSOR_DEFINITIONS = (
					"DEBUG=1",
					"$(inherited)",
				);
				GCC_SYMBOLS_PRIVATE_EXTERN = NO;
				GCC_WARN_64_TO_32_BIT_CONVERSION = YES;
				GCC_WARN_ABOUT_RETURN_TYPE = YES_ERROR;
				GCC_WARN_UNDECLARED_SELECTOR = YES;
				GCC_WARN_UNINITIALIZED_AUTOS = YES_AGGRESSIVE;
				GCC_WARN_UNUSED_FUNCTION = YES;
				GCC_WARN_UNUSED_VARIABLE = YES;
				IPHONEOS_DEPLOYMENT_TARGET = 7.1;
				ONLY_ACTIVE_ARCH = YES;
				SDKROOT = iphoneos;
			};
			name = Debug;
		};
		6274A70D18609166008460AC /* Release */ = {
			isa = XCBuildConfiguration;
			buildSettings = {
				ALWAYS_SEARCH_USER_PATHS = NO;
				ARCHS = "$(ARCHS_STANDARD_INCLUDING_64_BIT)";
				CLANG_CXX_LANGUAGE_STANDARD = "gnu++0x";
				CLANG_CXX_LIBRARY = "libc++";
				CLANG_ENABLE_MODULES = YES;
				CLANG_ENABLE_OBJC_ARC = YES;
				CLANG_WARN_BOOL_CONVERSION = YES;
				CLANG_WARN_CONSTANT_CONVERSION = YES;
				CLANG_WARN_DIRECT_OBJC_ISA_USAGE = YES_ERROR;
				CLANG_WARN_EMPTY_BODY = YES;
				CLANG_WARN_ENUM_CONVERSION = YES;
				CLANG_WARN_INT_CONVERSION = YES;
				CLANG_WARN_OBJC_ROOT_CLASS = YES_ERROR;
				CLANG_WARN__DUPLICATE_METHOD_MATCH = YES;
				"CODE_SIGN_IDENTITY[sdk=iphoneos*]" = "iPhone Developer";
				COPY_PHASE_STRIP = YES;
				ENABLE_NS_ASSERTIONS = NO;
				GCC_C_LANGUAGE_STANDARD = gnu99;
				GCC_WARN_64_TO_32_BIT_CONVERSION = YES;
				GCC_WARN_ABOUT_RETURN_TYPE = YES_ERROR;
				GCC_WARN_UNDECLARED_SELECTOR = YES;
				GCC_WARN_UNINITIALIZED_AUTOS = YES_AGGRESSIVE;
				GCC_WARN_UNUSED_FUNCTION = YES;
				GCC_WARN_UNUSED_VARIABLE = YES;
				IPHONEOS_DEPLOYMENT_TARGET = 7.1;
				SDKROOT = iphoneos;
				VALIDATE_PRODUCT = YES;
			};
			name = Release;
		};
		6274A70F18609166008460AC /* Debug */ = {
			isa = XCBuildConfiguration;
			buildSettings = {
				ASSETCATALOG_COMPILER_APPICON_NAME = AppIcon;
				ASSETCATALOG_COMPILER_LAUNCHIMAGE_NAME = LaunchImage;
				GCC_PRECOMPILE_PREFIX_HEADER = YES;
				GCC_PREFIX_HEADER = "Colors/Colors-Prefix.pch";
				INFOPLIST_FILE = "Colors/Colors-Info.plist";
				PRODUCT_NAME = "$(TARGET_NAME)";
				WRAPPER_EXTENSION = app;
			};
			name = Debug;
		};
		6274A71018609166008460AC /* Release */ = {
			isa = XCBuildConfiguration;
			buildSettings = {
				ASSETCATALOG_COMPILER_APPICON_NAME = AppIcon;
				ASSETCATALOG_COMPILER_LAUNCHIMAGE_NAME = LaunchImage;
				GCC_PRECOMPILE_PREFIX_HEADER = YES;
				GCC_PREFIX_HEADER = "Colors/Colors-Prefix.pch";
				INFOPLIST_FILE = "Colors/Colors-Info.plist";
				PRODUCT_NAME = "$(TARGET_NAME)";
				WRAPPER_EXTENSION = app;
			};
			name = Release;
		};
		6274A71218609166008460AC /* Debug */ = {
			isa = XCBuildConfiguration;
			buildSettings = {
				ARCHS = "$(ARCHS_STANDARD_INCLUDING_64_BIT)";
				BUNDLE_LOADER = "$(BUILT_PRODUCTS_DIR)/Colors.app/Colors";
				FRAMEWORK_SEARCH_PATHS = (
					"$(SDKROOT)/Developer/Library/Frameworks",
					"$(inherited)",
					"$(DEVELOPER_FRAMEWORKS_DIR)",
				);
				GCC_PRECOMPILE_PREFIX_HEADER = YES;
				GCC_PREFIX_HEADER = "Colors/Colors-Prefix.pch";
				GCC_PREPROCESSOR_DEFINITIONS = (
					"DEBUG=1",
					"$(inherited)",
				);
				INFOPLIST_FILE = "ColorsTests/ColorsTests-Info.plist";
				PRODUCT_NAME = "$(TARGET_NAME)";
				TEST_HOST = "$(BUNDLE_LOADER)";
				WRAPPER_EXTENSION = xctest;
			};
			name = Debug;
		};
		6274A71318609166008460AC /* Release */ = {
			isa = XCBuildConfiguration;
			buildSettings = {
				ARCHS = "$(ARCHS_STANDARD_INCLUDING_64_BIT)";
				BUNDLE_LOADER = "$(BUILT_PRODUCTS_DIR)/Colors.app/Colors";
				FRAMEWORK_SEARCH_PATHS = (
					"$(SDKROOT)/Developer/Library/Frameworks",
					"$(inherited)",
					"$(DEVELOPER_FRAMEWORKS_DIR)",
				);
				GCC_PRECOMPILE_PREFIX_HEADER = YES;
				GCC_PREFIX_HEADER = "Colors/Colors-Prefix.pch";
				INFOPLIST_FILE = "ColorsTests/ColorsTests-Info.plist";
				PRODUCT_NAME = "$(TARGET_NAME)";
				TEST_HOST = "$(BUNDLE_LOADER)";
				WRAPPER_EXTENSION = xctest;
			};
			name = Release;
		};
/* End XCBuildConfiguration section */

/* Begin XCConfigurationList section */
		6274A6D718609166008460AC /* Build configuration list for PBXProject "Colors" */ = {
			isa = XCConfigurationList;
			buildConfigurations = (
				6274A70C18609166008460AC /* Debug */,
				6274A70D18609166008460AC /* Release */,
			);
			defaultConfigurationIsVisible = 0;
			defaultConfigurationName = Release;
		};
		6274A70E18609166008460AC /* Build configuration list for PBXNativeTarget "Colors" */ = {
			isa = XCConfigurationList;
			buildConfigurations = (
				6274A70F18609166008460AC /* Debug */,
				6274A71018609166008460AC /* Release */,
			);
			defaultConfigurationIsVisible = 0;
		};
		6274A71118609166008460AC /* Build configuration list for PBXNativeTarget "ColorsTests" */ = {
			isa = XCConfigurationList;
			buildConfigurations = (
				6274A71218609166008460AC /* Debug */,
				6274A71318609166008460AC /* Release */,
			);
			defaultConfigurationIsVisible = 0;
		};
/* End XCConfigurationList section */
	};
	rootObject = 6274A6D418609166008460AC /* Project object */;
}
